
Microsoft Visual Studio Solution File, Format Version 12.00
# Visual Studio Version 17
VisualStudioVersion = 17.3.32901.215
MinimumVisualStudioVersion = 10.0.40219.1
Project("{FAE04EC0-301F-11D3-BF4B-00C04F79EFBC}") = "HomeWork2", "HomeWork2\HomeWork2.csproj", "{43591D76-D721-45EE-A1A1-1B146733FD1F}"
EndProject
Global
	GlobalSection(SolutionConfigurationPlatforms) = preSolution
		Debug|Any CPU = Debug|Any CPU
		Release|Any CPU = Release|Any CPU
	EndGlobalSection
	GlobalSection(ProjectConfigurationPlatforms) = postSolution
		{43591D76-D721-45EE-A1A1-1B146733FD1F}.Debug|Any CPU.ActiveCfg = Debug|Any CPU
		{43591D76-D721-45EE-A1A1-1B146733FD1F}.Debug|Any CPU.Build.0 = Debug|Any CPU
		{43591D76-D721-45EE-A1A1-1B146733FD1F}.Release|Any CPU.ActiveCfg = Release|Any CPU
		{43591D76-D721-45EE-A1A1-1B146733FD1F}.Release|Any CPU.Build.0 = Release|Any CPU
	EndGlobalSection
	GlobalSection(SolutionProperties) = preSolution
		HideSolutionNode = FALSE
	EndGlobalSection
	GlobalSection(ExtensibilityGlobals) = postSolution
		SolutionGuid = {D7D90D29-916A-4411-862C-B8F6ECEC2196}
	EndGlobalSection
EndGlobal
