
Microsoft Visual Studio Solution File, Format Version 12.00
# Visual Studio Version 17
VisualStudioVersion = 17.3.32929.385
MinimumVisualStudioVersion = 10.0.40219.1
Project("{FAE04EC0-301F-11D3-BF4B-00C04F79EFBC}") = "BloodDonation", "BloodDonation\BloodDonation.csproj", "{67435BFA-7AF3-4737-A945-4E0683512B0D}"
EndProject
Project("{FAE04EC0-301F-11D3-BF4B-00C04F79EFBC}") = "BLL", "BLL\BLL.csproj", "{5AB8554A-D41A-4903-AD98-2B3782CC9434}"
EndProject
Project("{FAE04EC0-301F-11D3-BF4B-00C04F79EFBC}") = "DAL", "DAL\DAL.csproj", "{6A80E183-4402-43FB-BD3E-704EBB9A7728}"
EndProject
Global
	GlobalSection(SolutionConfigurationPlatforms) = preSolution
		Debug|Any CPU = Debug|Any CPU
		Release|Any CPU = Release|Any CPU
	EndGlobalSection
	GlobalSection(ProjectConfigurationPlatforms) = postSolution
		{67435BFA-7AF3-4737-A945-4E0683512B0D}.Debug|Any CPU.ActiveCfg = Debug|Any CPU
		{67435BFA-7AF3-4737-A945-4E0683512B0D}.Debug|Any CPU.Build.0 = Debug|Any CPU
		{67435BFA-7AF3-4737-A945-4E0683512B0D}.Release|Any CPU.ActiveCfg = Release|Any CPU
		{67435BFA-7AF3-4737-A945-4E0683512B0D}.Release|Any CPU.Build.0 = Release|Any CPU
		{5AB8554A-D41A-4903-AD98-2B3782CC9434}.Debug|Any CPU.ActiveCfg = Debug|Any CPU
		{5AB8554A-D41A-4903-AD98-2B3782CC9434}.Debug|Any CPU.Build.0 = Debug|Any CPU
		{5AB8554A-D41A-4903-AD98-2B3782CC9434}.Release|Any CPU.ActiveCfg = Release|Any CPU
		{5AB8554A-D41A-4903-AD98-2B3782CC9434}.Release|Any CPU.Build.0 = Release|Any CPU
		{6A80E183-4402-43FB-BD3E-704EBB9A7728}.Debug|Any CPU.ActiveCfg = Debug|Any CPU
		{6A80E183-4402-43FB-BD3E-704EBB9A7728}.Debug|Any CPU.Build.0 = Debug|Any CPU
		{6A80E183-4402-43FB-BD3E-704EBB9A7728}.Release|Any CPU.ActiveCfg = Release|Any CPU
		{6A80E183-4402-43FB-BD3E-704EBB9A7728}.Release|Any CPU.Build.0 = Release|Any CPU
	EndGlobalSection
	GlobalSection(SolutionProperties) = preSolution
		HideSolutionNode = FALSE
	EndGlobalSection
	GlobalSection(ExtensibilityGlobals) = postSolution
		SolutionGuid = {DB4A375F-DC90-4B2C-B444-E6FB5770281F}
	EndGlobalSection
EndGlobal
